// !$*UTF8*$!
{
	archiveVersion = 1;
	classes = {
	};
	objectVersion = 51;
	objects = {

/* Begin PBXBuildFile section */
		8F56DE539BE1D202ED52A5EB /* Pods_Sheepdog_iOS.framework in Frameworks */ = {isa = PBXBuildFile; fileRef = 50117CC6EFE5224B3092E658 /* Pods_Sheepdog_iOS.framework */; };
		FA22C9432352CCC5003820BD /* SignUpController.swift in Sources */ = {isa = PBXBuildFile; fileRef = FA22C9422352CCC5003820BD /* SignUpController.swift */; };
		FA8F8B89234E3A2F00F64883 /* Fonts in Resources */ = {isa = PBXBuildFile; fileRef = FA8F8B88234E3A2F00F64883 /* Fonts */; };
		FAA82868234CFB2300608543 /* Extensions.swift in Sources */ = {isa = PBXBuildFile; fileRef = FAA82867234CFB2300608543 /* Extensions.swift */; };
		FAA8286C234DCF2B00608543 /* HomeController.swift in Sources */ = {isa = PBXBuildFile; fileRef = FAA8286B234DCF2B00608543 /* HomeController.swift */; };
		FAAE84D5234B81E6000A93D2 /* AppDelegate.swift in Sources */ = {isa = PBXBuildFile; fileRef = FAAE84D4234B81E6000A93D2 /* AppDelegate.swift */; };
		FAAE84D7234B81E6000A93D2 /* LaunchpageController.swift in Sources */ = {isa = PBXBuildFile; fileRef = FAAE84D6234B81E6000A93D2 /* LaunchpageController.swift */; };
		FAAE84DA234B81E6000A93D2 /* Main.storyboard in Resources */ = {isa = PBXBuildFile; fileRef = FAAE84D8234B81E6000A93D2 /* Main.storyboard */; };
		FAAE84DC234B81E7000A93D2 /* Assets.xcassets in Resources */ = {isa = PBXBuildFile; fileRef = FAAE84DB234B81E7000A93D2 /* Assets.xcassets */; };
		FAAE84DF234B81E7000A93D2 /* LaunchScreen.storyboard in Resources */ = {isa = PBXBuildFile; fileRef = FAAE84DD234B81E7000A93D2 /* LaunchScreen.storyboard */; };
		FAE3F504234CE3F800D66CF9 /* GoogleService-Info.plist in Resources */ = {isa = PBXBuildFile; fileRef = FAE3F503234CE3F800D66CF9 /* GoogleService-Info.plist */; };
/* End PBXBuildFile section */

/* Begin PBXFileReference section */
		0153AEFC93709180D7F95133 /* Pods-Sheepdog-iOS.release.xcconfig */ = {isa = PBXFileReference; includeInIndex = 1; lastKnownFileType = text.xcconfig; name = "Pods-Sheepdog-iOS.release.xcconfig"; path = "Target Support Files/Pods-Sheepdog-iOS/Pods-Sheepdog-iOS.release.xcconfig"; sourceTree = "<group>"; };
		27CBF3696C960F8051E9D0B1 /* Pods-Sheepdog-iOS.debug.xcconfig */ = {isa = PBXFileReference; includeInIndex = 1; lastKnownFileType = text.xcconfig; name = "Pods-Sheepdog-iOS.debug.xcconfig"; path = "Target Support Files/Pods-Sheepdog-iOS/Pods-Sheepdog-iOS.debug.xcconfig"; sourceTree = "<group>"; };
		50117CC6EFE5224B3092E658 /* Pods_Sheepdog_iOS.framework */ = {isa = PBXFileReference; explicitFileType = wrapper.framework; includeInIndex = 0; path = Pods_Sheepdog_iOS.framework; sourceTree = BUILT_PRODUCTS_DIR; };
		FA22C9422352CCC5003820BD /* SignUpController.swift */ = {isa = PBXFileReference; lastKnownFileType = sourcecode.swift; path = SignUpController.swift; sourceTree = "<group>"; };
		FA8F8B88234E3A2F00F64883 /* Fonts */ = {isa = PBXFileReference; lastKnownFileType = folder; path = Fonts; sourceTree = SOURCE_ROOT; };
		FAA82867234CFB2300608543 /* Extensions.swift */ = {isa = PBXFileReference; lastKnownFileType = sourcecode.swift; path = Extensions.swift; sourceTree = "<group>"; };
		FAA8286B234DCF2B00608543 /* HomeController.swift */ = {isa = PBXFileReference; lastKnownFileType = sourcecode.swift; path = HomeController.swift; sourceTree = "<group>"; };
		FAAE84D1234B81E6000A93D2 /* Sheepdog-iOS.app */ = {isa = PBXFileReference; explicitFileType = wrapper.application; includeInIndex = 0; path = "Sheepdog-iOS.app"; sourceTree = BUILT_PRODUCTS_DIR; };
		FAAE84D4234B81E6000A93D2 /* AppDelegate.swift */ = {isa = PBXFileReference; lastKnownFileType = sourcecode.swift; path = AppDelegate.swift; sourceTree = "<group>"; };
		FAAE84D6234B81E6000A93D2 /* LaunchpageController.swift */ = {isa = PBXFileReference; lastKnownFileType = sourcecode.swift; path = LaunchpageController.swift; sourceTree = "<group>"; };
		FAAE84D9234B81E6000A93D2 /* Base */ = {isa = PBXFileReference; lastKnownFileType = file.storyboard; name = Base; path = Base.lproj/Main.storyboard; sourceTree = "<group>"; };
		FAAE84DB234B81E7000A93D2 /* Assets.xcassets */ = {isa = PBXFileReference; lastKnownFileType = folder.assetcatalog; path = Assets.xcassets; sourceTree = "<group>"; };
		FAAE84DE234B81E7000A93D2 /* Base */ = {isa = PBXFileReference; lastKnownFileType = file.storyboard; name = Base; path = Base.lproj/LaunchScreen.storyboard; sourceTree = "<group>"; };
		FAAE84E0234B81E7000A93D2 /* Info.plist */ = {isa = PBXFileReference; lastKnownFileType = text.plist.xml; path = Info.plist; sourceTree = "<group>"; };
		FAE3F503234CE3F800D66CF9 /* GoogleService-Info.plist */ = {isa = PBXFileReference; fileEncoding = 4; lastKnownFileType = text.plist.xml; path = "GoogleService-Info.plist"; sourceTree = SOURCE_ROOT; };
/* End PBXFileReference section */

/* Begin PBXFrameworksBuildPhase section */
		FAAE84CE234B81E6000A93D2 /* Frameworks */ = {
			isa = PBXFrameworksBuildPhase;
			buildActionMask = 2147483647;
			files = (
				8F56DE539BE1D202ED52A5EB /* Pods_Sheepdog_iOS.framework in Frameworks */,
			);
			runOnlyForDeploymentPostprocessing = 0;
		};
/* End PBXFrameworksBuildPhase section */

/* Begin PBXGroup section */
		2B48599CFA415FF9404E6F42 /* Frameworks */ = {
			isa = PBXGroup;
			children = (
				50117CC6EFE5224B3092E658 /* Pods_Sheepdog_iOS.framework */,
			);
			name = Frameworks;
			sourceTree = "<group>";
		};
		410F7968FFE88D8FF339C517 /* Pods */ = {
			isa = PBXGroup;
			children = (
				27CBF3696C960F8051E9D0B1 /* Pods-Sheepdog-iOS.debug.xcconfig */,
				0153AEFC93709180D7F95133 /* Pods-Sheepdog-iOS.release.xcconfig */,
			);
			path = Pods;
			sourceTree = "<group>";
		};
		FAAE84C8234B81E6000A93D2 = {
			isa = PBXGroup;
			children = (
				FAAE84D3234B81E6000A93D2 /* Sheepdog-iOS */,
				FAAE84D2234B81E6000A93D2 /* Products */,
				410F7968FFE88D8FF339C517 /* Pods */,
				2B48599CFA415FF9404E6F42 /* Frameworks */,
			);
			sourceTree = "<group>";
		};
		FAAE84D2234B81E6000A93D2 /* Products */ = {
			isa = PBXGroup;
			children = (
				FAAE84D1234B81E6000A93D2 /* Sheepdog-iOS.app */,
			);
			name = Products;
			sourceTree = "<group>";
		};
		FAAE84D3234B81E6000A93D2 /* Sheepdog-iOS */ = {
			isa = PBXGroup;
			children = (
				FA8F8B88234E3A2F00F64883 /* Fonts */,
				FAAE84D4234B81E6000A93D2 /* AppDelegate.swift */,
				FAAE84D6234B81E6000A93D2 /* LaunchpageController.swift */,
				FA22C9422352CCC5003820BD /* SignUpController.swift */,
				FAA8286B234DCF2B00608543 /* HomeController.swift */,
				FAAE84D8234B81E6000A93D2 /* Main.storyboard */,
				FAA82867234CFB2300608543 /* Extensions.swift */,
				FAAE84DB234B81E7000A93D2 /* Assets.xcassets */,
				FAAE84DD234B81E7000A93D2 /* LaunchScreen.storyboard */,
				FAAE84E0234B81E7000A93D2 /* Info.plist */,
				FAE3F503234CE3F800D66CF9 /* GoogleService-Info.plist */,
			);
			path = "Sheepdog-iOS";
			sourceTree = "<group>";
		};
/* End PBXGroup section */

/* Begin PBXNativeTarget section */
		FAAE84D0234B81E6000A93D2 /* Sheepdog-iOS */ = {
			isa = PBXNativeTarget;
			buildConfigurationList = FAAE84E3234B81E7000A93D2 /* Build configuration list for PBXNativeTarget "Sheepdog-iOS" */;
			buildPhases = (
				13C46DAEF7B45B9DC88EB609 /* [CP] Check Pods Manifest.lock */,
				FAAE84CD234B81E6000A93D2 /* Sources */,
				FAAE84CE234B81E6000A93D2 /* Frameworks */,
				FAAE84CF234B81E6000A93D2 /* Resources */,
				F4BBAC1D2DBEAF018F17662D /* [CP] Embed Pods Frameworks */,
				ADAF7B825ADB441DB19BCD18 /* [CP] Copy Pods Resources */,
			);
			buildRules = (
			);
			dependencies = (
			);
			name = "Sheepdog-iOS";
			productName = "Sheepdog-iOS";
			productReference = FAAE84D1234B81E6000A93D2 /* Sheepdog-iOS.app */;
			productType = "com.apple.product-type.application";
		};
/* End PBXNativeTarget section */

/* Begin PBXProject section */
		FAAE84C9234B81E6000A93D2 /* Project object */ = {
			isa = PBXProject;
			attributes = {
				LastSwiftUpdateCheck = 1030;
				LastUpgradeCheck = 1030;
				ORGANIZATIONNAME = "Sri Julapally";
				TargetAttributes = {
					FAAE84D0234B81E6000A93D2 = {
						CreatedOnToolsVersion = 10.3;
					};
				};
			};
			buildConfigurationList = FAAE84CC234B81E6000A93D2 /* Build configuration list for PBXProject "Sheepdog-iOS" */;
			compatibilityVersion = "Xcode 9.3";
			developmentRegion = en;
			hasScannedForEncodings = 0;
			knownRegions = (
				en,
				Base,
			);
			mainGroup = FAAE84C8234B81E6000A93D2;
			productRefGroup = FAAE84D2234B81E6000A93D2 /* Products */;
			projectDirPath = "";
			projectRoot = "";
			targets = (
				FAAE84D0234B81E6000A93D2 /* Sheepdog-iOS */,
			);
		};
/* End PBXProject section */

/* Begin PBXResourcesBuildPhase section */
		FAAE84CF234B81E6000A93D2 /* Resources */ = {
			isa = PBXResourcesBuildPhase;
			buildActionMask = 2147483647;
			files = (
				FA8F8B89234E3A2F00F64883 /* Fonts in Resources */,
				FAAE84DF234B81E7000A93D2 /* LaunchScreen.storyboard in Resources */,
				FAE3F504234CE3F800D66CF9 /* GoogleService-Info.plist in Resources */,
				FAAE84DC234B81E7000A93D2 /* Assets.xcassets in Resources */,
				FAAE84DA234B81E6000A93D2 /* Main.storyboard in Resources */,
			);
			runOnlyForDeploymentPostprocessing = 0;
		};
/* End PBXResourcesBuildPhase section */

/* Begin PBXShellScriptBuildPhase section */
		13C46DAEF7B45B9DC88EB609 /* [CP] Check Pods Manifest.lock */ = {
			isa = PBXShellScriptBuildPhase;
			buildActionMask = 2147483647;
			files = (
			);
			inputFileListPaths = (
			);
			inputPaths = (
				"${PODS_PODFILE_DIR_PATH}/Podfile.lock",
				"${PODS_ROOT}/Manifest.lock",
			);
			name = "[CP] Check Pods Manifest.lock";
			outputFileListPaths = (
			);
			outputPaths = (
				"$(DERIVED_FILE_DIR)/Pods-Sheepdog-iOS-checkManifestLockResult.txt",
			);
			runOnlyForDeploymentPostprocessing = 0;
			shellPath = /bin/sh;
			shellScript = "diff \"${PODS_PODFILE_DIR_PATH}/Podfile.lock\" \"${PODS_ROOT}/Manifest.lock\" > /dev/null\nif [ $? != 0 ] ; then\n    # print error to STDERR\n    echo \"error: The sandbox is not in sync with the Podfile.lock. Run 'pod install' or update your CocoaPods installation.\" >&2\n    exit 1\nfi\n# This output is used by Xcode 'outputs' to avoid re-running this script phase.\necho \"SUCCESS\" > \"${SCRIPT_OUTPUT_FILE_0}\"\n";
			showEnvVarsInLog = 0;
		};
		ADAF7B825ADB441DB19BCD18 /* [CP] Copy Pods Resources */ = {
			isa = PBXShellScriptBuildPhase;
			buildActionMask = 2147483647;
			files = (
			);
			inputFileListPaths = (
				"${PODS_ROOT}/Target Support Files/Pods-Sheepdog-iOS/Pods-Sheepdog-iOS-resources-${CONFIGURATION}-input-files.xcfilelist",
			);
			name = "[CP] Copy Pods Resources";
			outputFileListPaths = (
				"${PODS_ROOT}/Target Support Files/Pods-Sheepdog-iOS/Pods-Sheepdog-iOS-resources-${CONFIGURATION}-output-files.xcfilelist",
			);
			runOnlyForDeploymentPostprocessing = 0;
			shellPath = /bin/sh;
			shellScript = "\"${PODS_ROOT}/Target Support Files/Pods-Sheepdog-iOS/Pods-Sheepdog-iOS-resources.sh\"\n";
			showEnvVarsInLog = 0;
		};
		F4BBAC1D2DBEAF018F17662D /* [CP] Embed Pods Frameworks */ = {
			isa = PBXShellScriptBuildPhase;
			buildActionMask = 2147483647;
			files = (
			);
			inputFileListPaths = (
				"${PODS_ROOT}/Target Support Files/Pods-Sheepdog-iOS/Pods-Sheepdog-iOS-frameworks-${CONFIGURATION}-input-files.xcfilelist",
			);
			name = "[CP] Embed Pods Frameworks";
			outputFileListPaths = (
				"${PODS_ROOT}/Target Support Files/Pods-Sheepdog-iOS/Pods-Sheepdog-iOS-frameworks-${CONFIGURATION}-output-files.xcfilelist",
			);
			runOnlyForDeploymentPostprocessing = 0;
			shellPath = /bin/sh;
			shellScript = "\"${PODS_ROOT}/Target Support Files/Pods-Sheepdog-iOS/Pods-Sheepdog-iOS-frameworks.sh\"\n";
			showEnvVarsInLog = 0;
		};
/* End PBXShellScriptBuildPhase section */

/* Begin PBXSourcesBuildPhase section */
		FAAE84CD234B81E6000A93D2 /* Sources */ = {
			isa = PBXSourcesBuildPhase;
			buildActionMask = 2147483647;
			files = (
				FA22C9432352CCC5003820BD /* SignUpController.swift in Sources */,
				FAAE84D7234B81E6000A93D2 /* LaunchpageController.swift in Sources */,
				FAA82868234CFB2300608543 /* Extensions.swift in Sources */,
				FAAE84D5234B81E6000A93D2 /* AppDelegate.swift in Sources */,
				FAA8286C234DCF2B00608543 /* HomeController.swift in Sources */,
			);
			runOnlyForDeploymentPostprocessing = 0;
		};
/* End PBXSourcesBuildPhase section */

/* Begin PBXVariantGroup section */
		FAAE84D8234B81E6000A93D2 /* Main.storyboard */ = {
			isa = PBXVariantGroup;
			children = (
				FAAE84D9234B81E6000A93D2 /* Base */,
			);
			name = Main.storyboard;
			sourceTree = "<group>";
		};
		FAAE84DD234B81E7000A93D2 /* LaunchScreen.storyboard */ = {
			isa = PBXVariantGroup;
			children = (
				FAAE84DE234B81E7000A93D2 /* Base */,
			);
			name = LaunchScreen.storyboard;
			sourceTree = "<group>";
		};
/* End PBXVariantGroup section */

/* Begin XCBuildConfiguration section */
		FAAE84E1234B81E7000A93D2 /* Debug */ = {
			isa = XCBuildConfiguration;
			buildSettings = {
				ALWAYS_SEARCH_USER_PATHS = NO;
				CLANG_ANALYZER_NONNULL = YES;
				CLANG_ANALYZER_NUMBER_OBJECT_CONVERSION = YES_AGGRESSIVE;
				CLANG_CXX_LANGUAGE_STANDARD = "gnu++14";
				CLANG_CXX_LIBRARY = "libc++";
				CLANG_ENABLE_MODULES = YES;
				CLANG_ENABLE_OBJC_ARC = YES;
				CLANG_ENABLE_OBJC_WEAK = YES;
				CLANG_WARN_BLOCK_CAPTURE_AUTORELEASING = YES;
				CLANG_WARN_BOOL_CONVERSION = YES;
				CLANG_WARN_COMMA = YES;
				CLANG_WARN_CONSTANT_CONVERSION = YES;
				CLANG_WARN_DEPRECATED_OBJC_IMPLEMENTATIONS = YES;
				CLANG_WARN_DIRECT_OBJC_ISA_USAGE = YES_ERROR;
				CLANG_WARN_DOCUMENTATION_COMMENTS = YES;
				CLANG_WARN_EMPTY_BODY = YES;
				CLANG_WARN_ENUM_CONVERSION = YES;
				CLANG_WARN_INFINITE_RECURSION = YES;
				CLANG_WARN_INT_CONVERSION = YES;
				CLANG_WARN_NON_LITERAL_NULL_CONVERSION = YES;
				CLANG_WARN_OBJC_IMPLICIT_RETAIN_SELF = YES;
				CLANG_WARN_OBJC_LITERAL_CONVERSION = YES;
				CLANG_WARN_OBJC_ROOT_CLASS = YES_ERROR;
				CLANG_WARN_RANGE_LOOP_ANALYSIS = YES;
				CLANG_WARN_STRICT_PROTOTYPES = YES;
				CLANG_WARN_SUSPICIOUS_MOVE = YES;
				CLANG_WARN_UNGUARDED_AVAILABILITY = YES_AGGRESSIVE;
				CLANG_WARN_UNREACHABLE_CODE = YES;
				CLANG_WARN__DUPLICATE_METHOD_MATCH = YES;
				CODE_SIGN_IDENTITY = "iPhone Developer";
				COPY_PHASE_STRIP = NO;
				DEBUG_INFORMATION_FORMAT = dwarf;
				ENABLE_STRICT_OBJC_MSGSEND = YES;
				ENABLE_TESTABILITY = YES;
				GCC_C_LANGUAGE_STANDARD = gnu11;
				GCC_DYNAMIC_NO_PIC = NO;
				GCC_NO_COMMON_BLOCKS = YES;
				GCC_OPTIMIZATION_LEVEL = 0;
				GCC_PREPROCESSOR_DEFINITIONS = (
					"DEBUG=1",
					"$(inherited)",
				);
				GCC_WARN_64_TO_32_BIT_CONVERSION = YES;
				GCC_WARN_ABOUT_RETURN_TYPE = YES_ERROR;
				GCC_WARN_UNDECLARED_SELECTOR = YES;
				GCC_WARN_UNINITIALIZED_AUTOS = YES_AGGRESSIVE;
				GCC_WARN_UNUSED_FUNCTION = YES;
				GCC_WARN_UNUSED_VARIABLE = YES;
				IPHONEOS_DEPLOYMENT_TARGET = 12.4;
				MTL_ENABLE_DEBUG_INFO = INCLUDE_SOURCE;
				MTL_FAST_MATH = YES;
				ONLY_ACTIVE_ARCH = YES;
				SDKROOT = iphoneos;
				SWIFT_ACTIVE_COMPILATION_CONDITIONS = DEBUG;
				SWIFT_OPTIMIZATION_LEVEL = "-Onone";
			};
			name = Debug;
		};
		FAAE84E2234B81E7000A93D2 /* Release */ = {
			isa = XCBuildConfiguration;
			buildSettings = {
				ALWAYS_SEARCH_USER_PATHS = NO;
				CLANG_ANALYZER_NONNULL = YES;
				CLANG_ANALYZER_NUMBER_OBJECT_CONVERSION = YES_AGGRESSIVE;
				CLANG_CXX_LANGUAGE_STANDARD = "gnu++14";
				CLANG_CXX_LIBRARY = "libc++";
				CLANG_ENABLE_MODULES = YES;
				CLANG_ENABLE_OBJC_ARC = YES;
				CLANG_ENABLE_OBJC_WEAK = YES;
				CLANG_WARN_BLOCK_CAPTURE_AUTORELEASING = YES;
				CLANG_WARN_BOOL_CONVERSION = YES;
				CLANG_WARN_COMMA = YES;
				CLANG_WARN_CONSTANT_CONVERSION = YES;
				CLANG_WARN_DEPRECATED_OBJC_IMPLEMENTATIONS = YES;
				CLANG_WARN_DIRECT_OBJC_ISA_USAGE = YES_ERROR;
				CLANG_WARN_DOCUMENTATION_COMMENTS = YES;
				CLANG_WARN_EMPTY_BODY = YES;
				CLANG_WARN_ENUM_CONVERSION = YES;
				CLANG_WARN_INFINITE_RECURSION = YES;
				CLANG_WARN_INT_CONVERSION = YES;
				CLANG_WARN_NON_LITERAL_NULL_CONVERSION = YES;
				CLANG_WARN_OBJC_IMPLICIT_RETAIN_SELF = YES;
				CLANG_WARN_OBJC_LITERAL_CONVERSION = YES;
				CLANG_WARN_OBJC_ROOT_CLASS = YES_ERROR;
				CLANG_WARN_RANGE_LOOP_ANALYSIS = YES;
				CLANG_WARN_STRICT_PROTOTYPES = YES;
				CLANG_WARN_SUSPICIOUS_MOVE = YES;
				CLANG_WARN_UNGUARDED_AVAILABILITY = YES_AGGRESSIVE;
				CLANG_WARN_UNREACHABLE_CODE = YES;
				CLANG_WARN__DUPLICATE_METHOD_MATCH = YES;
				CODE_SIGN_IDENTITY = "iPhone Developer";
				COPY_PHASE_STRIP = NO;
				DEBUG_INFORMATION_FORMAT = "dwarf-with-dsym";
				ENABLE_NS_ASSERTIONS = NO;
				ENABLE_STRICT_OBJC_MSGSEND = YES;
				GCC_C_LANGUAGE_STANDARD = gnu11;
				GCC_NO_COMMON_BLOCKS = YES;
				GCC_WARN_64_TO_32_BIT_CONVERSION = YES;
				GCC_WARN_ABOUT_RETURN_TYPE = YES_ERROR;
				GCC_WARN_UNDECLARED_SELECTOR = YES;
				GCC_WARN_UNINITIALIZED_AUTOS = YES_AGGRESSIVE;
				GCC_WARN_UNUSED_FUNCTION = YES;
				GCC_WARN_UNUSED_VARIABLE = YES;
				IPHONEOS_DEPLOYMENT_TARGET = 12.4;
				MTL_ENABLE_DEBUG_INFO = NO;
				MTL_FAST_MATH = YES;
				SDKROOT = iphoneos;
				SWIFT_COMPILATION_MODE = wholemodule;
				SWIFT_OPTIMIZATION_LEVEL = "-O";
				VALIDATE_PRODUCT = YES;
			};
			name = Release;
		};
		FAAE84E4234B81E7000A93D2 /* Debug */ = {
			isa = XCBuildConfiguration;
			baseConfigurationReference = 27CBF3696C960F8051E9D0B1 /* Pods-Sheepdog-iOS.debug.xcconfig */;
			buildSettings = {
				ASSETCATALOG_COMPILER_APPICON_NAME = AppIcon;
				CODE_SIGN_STYLE = Automatic;
				DEVELOPMENT_TEAM = 5HWSUD667W;
				INFOPLIST_FILE = "Sheepdog-iOS/Info.plist";
				LD_RUNPATH_SEARCH_PATHS = (
					"$(inherited)",
					"@executable_path/Frameworks",
				);
				PRODUCT_BUNDLE_IDENTIFIER = "srijulapally.Sheepdog-iOS";
				PRODUCT_NAME = "$(TARGET_NAME)";
				SWIFT_VERSION = 5.0;
				TARGETED_DEVICE_FAMILY = "1,2";
			};
			name = Debug;
		};
		FAAE84E5234B81E7000A93D2 /* Release */ = {
			isa = XCBuildConfiguration;
			baseConfigurationReference = 0153AEFC93709180D7F95133 /* Pods-Sheepdog-iOS.release.xcconfig */;
			buildSettings = {
				ASSETCATALOG_COMPILER_APPICON_NAME = AppIcon;
				CODE_SIGN_STYLE = Automatic;
				DEVELOPMENT_TEAM = 5HWSUD667W;
				INFOPLIST_FILE = "Sheepdog-iOS/Info.plist";
				LD_RUNPATH_SEARCH_PATHS = (
					"$(inherited)",
					"@executable_path/Frameworks",
				);
				PRODUCT_BUNDLE_IDENTIFIER = "srijulapally.Sheepdog-iOS";
				PRODUCT_NAME = "$(TARGET_NAME)";
				SWIFT_VERSION = 5.0;
				TARGETED_DEVICE_FAMILY = "1,2";
			};
			name = Release;
		};
/* End XCBuildConfiguration section */

/* Begin XCConfigurationList section */
		FAAE84CC234B81E6000A93D2 /* Build configuration list for PBXProject "Sheepdog-iOS" */ = {
			isa = XCConfigurationList;
			buildConfigurations = (
				FAAE84E1234B81E7000A93D2 /* Debug */,
				FAAE84E2234B81E7000A93D2 /* Release */,
			);
			defaultConfigurationIsVisible = 0;
			defaultConfigurationName = Release;
		};
		FAAE84E3234B81E7000A93D2 /* Build configuration list for PBXNativeTarget "Sheepdog-iOS" */ = {
			isa = XCConfigurationList;
			buildConfigurations = (
				FAAE84E4234B81E7000A93D2 /* Debug */,
				FAAE84E5234B81E7000A93D2 /* Release */,
			);
			defaultConfigurationIsVisible = 0;
			defaultConfigurationName = Release;
		};
/* End XCConfigurationList section */
	};
	rootObject = FAAE84C9234B81E6000A93D2 /* Project object */;
}
